
Microsoft Visual Studio Solution File, Format Version 12.00
# Visual Studio Version 17
VisualStudioVersion = 17.2.32630.192
MinimumVisualStudioVersion = 10.0.40219.1
Project("{FAE04EC0-301F-11D3-BF4B-00C04F79EFBC}") = "Chat_Test", "Chat_Test\Chat_Test.csproj", "{E5D7F7B6-38C4-4D7E-AA85-04F4E78AE524}"
EndProject
Project("{FAE04EC0-301F-11D3-BF4B-00C04F79EFBC}") = "Lib_Test", "Lib_Test\Lib_Test.csproj", "{6A61BA1F-A3BA-4788-812F-C5D2AEA1BDBA}"
EndProject
Project("{FAE04EC0-301F-11D3-BF4B-00C04F79EFBC}") = "Server_Test", "Server_Test\Server_Test.csproj", "{5551A1F2-D422-4A4B-8BD1-CE07EB33FF7C}"
EndProject
Global
	GlobalSection(SolutionConfigurationPlatforms) = preSolution
		Debug|Any CPU = Debug|Any CPU
		Release|Any CPU = Release|Any CPU
	EndGlobalSection
	GlobalSection(ProjectConfigurationPlatforms) = postSolution
		{E5D7F7B6-38C4-4D7E-AA85-04F4E78AE524}.Debug|Any CPU.ActiveCfg = Debug|Any CPU
		{E5D7F7B6-38C4-4D7E-AA85-04F4E78AE524}.Debug|Any CPU.Build.0 = Debug|Any CPU
		{E5D7F7B6-38C4-4D7E-AA85-04F4E78AE524}.Release|Any CPU.ActiveCfg = Release|Any CPU
		{E5D7F7B6-38C4-4D7E-AA85-04F4E78AE524}.Release|Any CPU.Build.0 = Release|Any CPU
		{6A61BA1F-A3BA-4788-812F-C5D2AEA1BDBA}.Debug|Any CPU.ActiveCfg = Debug|Any CPU
		{6A61BA1F-A3BA-4788-812F-C5D2AEA1BDBA}.Debug|Any CPU.Build.0 = Debug|Any CPU
		{6A61BA1F-A3BA-4788-812F-C5D2AEA1BDBA}.Release|Any CPU.ActiveCfg = Release|Any CPU
		{6A61BA1F-A3BA-4788-812F-C5D2AEA1BDBA}.Release|Any CPU.Build.0 = Release|Any CPU
		{5551A1F2-D422-4A4B-8BD1-CE07EB33FF7C}.Debug|Any CPU.ActiveCfg = Debug|Any CPU
		{5551A1F2-D422-4A4B-8BD1-CE07EB33FF7C}.Debug|Any CPU.Build.0 = Debug|Any CPU
		{5551A1F2-D422-4A4B-8BD1-CE07EB33FF7C}.Release|Any CPU.ActiveCfg = Release|Any CPU
		{5551A1F2-D422-4A4B-8BD1-CE07EB33FF7C}.Release|Any CPU.Build.0 = Release|Any CPU
	EndGlobalSection
	GlobalSection(SolutionProperties) = preSolution
		HideSolutionNode = FALSE
	EndGlobalSection
	GlobalSection(ExtensibilityGlobals) = postSolution
		SolutionGuid = {4D623E6A-5CE5-4B41-9ACD-C5B3E3B68775}
	EndGlobalSection
EndGlobal
